
Microsoft Visual Studio Solution File, Format Version 12.00
# Visual Studio Version 17
VisualStudioVersion = 17.8.34322.80
MinimumVisualStudioVersion = 10.0.40219.1
Project("{2150E333-8FDC-42A3-9474-1A3956D46DE8}") = "FrontEnd", "FrontEnd", "{D28F9789-DF83-42CA-A7CF-E65C9C664E84}"
EndProject
Project("{2150E333-8FDC-42A3-9474-1A3956D46DE8}") = "Integration", "Integration", "{D73BE816-4572-47FB-9655-9B86F91694BE}"
EndProject
Project("{2150E333-8FDC-42A3-9474-1A3956D46DE8}") = "Gateway", "Gateway", "{8F2AC8AC-9C29-4D42-BDFF-6CCA85F3DE7C}"
EndProject
Project("{2150E333-8FDC-42A3-9474-1A3956D46DE8}") = "Services", "Services", "{40BC9BCB-29EE-42E5-AA62-311E79C5F0ED}"
EndProject
Project("{9A19103F-16F7-4668-BE54-9A1E7A4F7556}") = "ECommerce.Mango.Services.CouponAPI", "Services\ECommerce.Mango.Services.CouponAPI\ECommerce.Mango.Services.CouponAPI.csproj", "{45BCC469-0F21-4A3D-BDB1-094F37BA8E4A}"
EndProject
Project("{9A19103F-16F7-4668-BE54-9A1E7A4F7556}") = "ECommerce.Mango.BlazorUI", "FrontEnd\ECommerce.Mango.BlazorUI\ECommerce.Mango.BlazorUI.csproj", "{C7B3DC29-BA8F-42ED-8338-30F7FA1C4B73}"
EndProject
Project("{9A19103F-16F7-4668-BE54-9A1E7A4F7556}") = "ECommerce.Mango.MessageBus", "Integration\ECommerce.Mango.MessageBus\ECommerce.Mango.MessageBus.csproj", "{FC20523C-EAA3-473D-9A49-55E352F52A1A}"
EndProject
Project("{9A19103F-16F7-4668-BE54-9A1E7A4F7556}") = "ECommerce.Mango.Services.EmailAPI", "Services\ECommerce.Mango.Services.EmailAPI\ECommerce.Mango.Services.EmailAPI.csproj", "{3B2863D6-B31F-4F66-AEAF-5065790D1038}"
EndProject
Project("{9A19103F-16F7-4668-BE54-9A1E7A4F7556}") = "ECommerce.Mango.Services.AuthAPI", "Services\ECommerce.Mango.Services.AuthAPI\ECommerce.Mango.Services.AuthAPI.csproj", "{03DE2935-4BAF-4F8E-85C6-F0002A02FC1F}"
EndProject
Project("{FAE04EC0-301F-11D3-BF4B-00C04F79EFBC}") = "ECommerce.Mango.Gateway", "Gateway\ECommerce.Mango.Gateway\ECommerce.Mango.Gateway.csproj", "{EB78A565-0535-4E7B-A6CF-0D255B20488B}"
EndProject
Global
	GlobalSection(SolutionConfigurationPlatforms) = preSolution
		Debug|Any CPU = Debug|Any CPU
		Release|Any CPU = Release|Any CPU
	EndGlobalSection
	GlobalSection(ProjectConfigurationPlatforms) = postSolution
		{45BCC469-0F21-4A3D-BDB1-094F37BA8E4A}.Debug|Any CPU.ActiveCfg = Debug|Any CPU
		{45BCC469-0F21-4A3D-BDB1-094F37BA8E4A}.Debug|Any CPU.Build.0 = Debug|Any CPU
		{45BCC469-0F21-4A3D-BDB1-094F37BA8E4A}.Release|Any CPU.ActiveCfg = Release|Any CPU
		{45BCC469-0F21-4A3D-BDB1-094F37BA8E4A}.Release|Any CPU.Build.0 = Release|Any CPU
		{C7B3DC29-BA8F-42ED-8338-30F7FA1C4B73}.Debug|Any CPU.ActiveCfg = Debug|Any CPU
		{C7B3DC29-BA8F-42ED-8338-30F7FA1C4B73}.Debug|Any CPU.Build.0 = Debug|Any CPU
		{C7B3DC29-BA8F-42ED-8338-30F7FA1C4B73}.Release|Any CPU.ActiveCfg = Release|Any CPU
		{C7B3DC29-BA8F-42ED-8338-30F7FA1C4B73}.Release|Any CPU.Build.0 = Release|Any CPU
		{FC20523C-EAA3-473D-9A49-55E352F52A1A}.Debug|Any CPU.ActiveCfg = Debug|Any CPU
		{FC20523C-EAA3-473D-9A49-55E352F52A1A}.Debug|Any CPU.Build.0 = Debug|Any CPU
		{FC20523C-EAA3-473D-9A49-55E352F52A1A}.Release|Any CPU.ActiveCfg = Release|Any CPU
		{FC20523C-EAA3-473D-9A49-55E352F52A1A}.Release|Any CPU.Build.0 = Release|Any CPU
		{3B2863D6-B31F-4F66-AEAF-5065790D1038}.Debug|Any CPU.ActiveCfg = Debug|Any CPU
		{3B2863D6-B31F-4F66-AEAF-5065790D1038}.Debug|Any CPU.Build.0 = Debug|Any CPU
		{3B2863D6-B31F-4F66-AEAF-5065790D1038}.Release|Any CPU.ActiveCfg = Release|Any CPU
		{3B2863D6-B31F-4F66-AEAF-5065790D1038}.Release|Any CPU.Build.0 = Release|Any CPU
		{03DE2935-4BAF-4F8E-85C6-F0002A02FC1F}.Debug|Any CPU.ActiveCfg = Debug|Any CPU
		{03DE2935-4BAF-4F8E-85C6-F0002A02FC1F}.Debug|Any CPU.Build.0 = Debug|Any CPU
		{03DE2935-4BAF-4F8E-85C6-F0002A02FC1F}.Release|Any CPU.ActiveCfg = Release|Any CPU
		{03DE2935-4BAF-4F8E-85C6-F0002A02FC1F}.Release|Any CPU.Build.0 = Release|Any CPU
		{EB78A565-0535-4E7B-A6CF-0D255B20488B}.Debug|Any CPU.ActiveCfg = Debug|Any CPU
		{EB78A565-0535-4E7B-A6CF-0D255B20488B}.Debug|Any CPU.Build.0 = Debug|Any CPU
		{EB78A565-0535-4E7B-A6CF-0D255B20488B}.Release|Any CPU.ActiveCfg = Release|Any CPU
		{EB78A565-0535-4E7B-A6CF-0D255B20488B}.Release|Any CPU.Build.0 = Release|Any CPU
	EndGlobalSection
	GlobalSection(SolutionProperties) = preSolution
		HideSolutionNode = FALSE
	EndGlobalSection
	GlobalSection(NestedProjects) = preSolution
		{45BCC469-0F21-4A3D-BDB1-094F37BA8E4A} = {40BC9BCB-29EE-42E5-AA62-311E79C5F0ED}
		{C7B3DC29-BA8F-42ED-8338-30F7FA1C4B73} = {D28F9789-DF83-42CA-A7CF-E65C9C664E84}
		{FC20523C-EAA3-473D-9A49-55E352F52A1A} = {D73BE816-4572-47FB-9655-9B86F91694BE}
		{3B2863D6-B31F-4F66-AEAF-5065790D1038} = {40BC9BCB-29EE-42E5-AA62-311E79C5F0ED}
		{03DE2935-4BAF-4F8E-85C6-F0002A02FC1F} = {40BC9BCB-29EE-42E5-AA62-311E79C5F0ED}
		{EB78A565-0535-4E7B-A6CF-0D255B20488B} = {8F2AC8AC-9C29-4D42-BDFF-6CCA85F3DE7C}
	EndGlobalSection
	GlobalSection(ExtensibilityGlobals) = postSolution
		SolutionGuid = {1F66B73B-B37F-4E4B-AF79-BA6662B4E393}
	EndGlobalSection
EndGlobal
